{
  "pins" : [
    {
      "identity" : "chat",
      "kind" : "remoteSourceControl",
      "location" : "https://github.com/exyte/Chat.git",
      "state" : {
        "revision" : "60f877cda7640c97f26881c2d1fc2930b12fb0f5",
        "version" : "0.0.4"
      }
    },
    {
      "identity" : "floatingbutton",
      "kind" : "remoteSourceControl",
      "location" : "https://github.com/exyte/FloatingButton",
      "state" : {
        "revision" : "0fcbf6c1eed0450382fb8b0efd07f3d82a35da6d",
        "version" : "1.1.5"
      }
    },
    {
      "identity" : "mediapicker",
      "kind" : "remoteSourceControl",
      "location" : "https://github.com/exyte/MediaPicker.git",
      "state" : {
        "revision" : "2b81eccb5e30367a116f86c2a4ffc18ee0bbd72f",
        "version" : "1.2.3"
      }
    },
    {
      "identity" : "swiftui-introspect",
      "kind" : "remoteSourceControl",
      "location" : "https://github.com/siteline/SwiftUI-Introspect.git",
      "state" : {
        "revision" : "c29b50a475120fdfa22573622464a7346aaf99a4",
        "version" : "0.6.0"
      }
    }
  ],
  "version" : 2
}
